
Microsoft Visual Studio Solution File, Format Version 12.00
# Visual Studio Version 17
VisualStudioVersion = 17.3.32825.248
MinimumVisualStudioVersion = 10.0.40219.1
Project("{9A19103F-16F7-4668-BE54-9A1E7A4F7556}") = "ChoreTracker", "ChoreTracker\ChoreTracker.csproj", "{197ED978-D76F-46A3-BC5A-63A81C5A1D84}"
EndProject
Global
	GlobalSection(SolutionConfigurationPlatforms) = preSolution
		Debug|Any CPU = Debug|Any CPU
		Release|Any CPU = Release|Any CPU
	EndGlobalSection
	GlobalSection(ProjectConfigurationPlatforms) = postSolution
		{197ED978-D76F-46A3-BC5A-63A81C5A1D84}.Debug|Any CPU.ActiveCfg = Debug|Any CPU
		{197ED978-D76F-46A3-BC5A-63A81C5A1D84}.Debug|Any CPU.Build.0 = Debug|Any CPU
		{197ED978-D76F-46A3-BC5A-63A81C5A1D84}.Release|Any CPU.ActiveCfg = Release|Any CPU
		{197ED978-D76F-46A3-BC5A-63A81C5A1D84}.Release|Any CPU.Build.0 = Release|Any CPU
	EndGlobalSection
	GlobalSection(SolutionProperties) = preSolution
		HideSolutionNode = FALSE
	EndGlobalSection
	GlobalSection(ExtensibilityGlobals) = postSolution
		SolutionGuid = {3CBF6F03-9510-4ABD-81E7-4744269C0AE0}
	EndGlobalSection
EndGlobal
